
Microsoft Visual Studio Solution File, Format Version 12.00
# Visual Studio Version 17
VisualStudioVersion = 17.4.33205.214
MinimumVisualStudioVersion = 10.0.40219.1
Project("{9A19103F-16F7-4668-BE54-9A1E7A4F7556}") = "LiveSplit.Dishonored", "src\LiveSplit.Dishonored.csproj", "{89997CBB-C03E-4511-BE65-095C45695119}"
EndProject
Project("{2150E333-8FDC-42A3-9474-1A3956D46DE8}") = "ref", "ref", "{E30D4460-FA70-42E8-824F-B8DB63ADEE90}"
	ProjectSection(SolutionItems) = preProject
		ref\LiveSplit.Core.dll = ref\LiveSplit.Core.dll
		ref\UpdateManager.dll = ref\UpdateManager.dll
	EndProjectSection
EndProject
Global
	GlobalSection(SolutionConfigurationPlatforms) = preSolution
		Debug|Any CPU = Debug|Any CPU
		Release|Any CPU = Release|Any CPU
	EndGlobalSection
	GlobalSection(ProjectConfigurationPlatforms) = postSolution
		{89997CBB-C03E-4511-BE65-095C45695119}.Debug|Any CPU.ActiveCfg = Debug|Any CPU
		{89997CBB-C03E-4511-BE65-095C45695119}.Debug|Any CPU.Build.0 = Debug|Any CPU
		{89997CBB-C03E-4511-BE65-095C45695119}.Release|Any CPU.ActiveCfg = Release|Any CPU
		{89997CBB-C03E-4511-BE65-095C45695119}.Release|Any CPU.Build.0 = Release|Any CPU
	EndGlobalSection
	GlobalSection(SolutionProperties) = preSolution
		HideSolutionNode = FALSE
	EndGlobalSection
	GlobalSection(ExtensibilityGlobals) = postSolution
		SolutionGuid = {7A8BE7D8-9B00-4E0D-9D01-F5A21F82254B}
	EndGlobalSection
EndGlobal
